github.com/qq51529210/http-router v0.0.0-20210604070634-429a8b44612e h1:RpmyGYe+UcnaMblwCXaEu5zhph39SNe1XOQbDf4aNgk=
github.com/qq51529210/http-router v0.0.0-20210604070634-429a8b44612e/go.mod h1:8hNCFmBvjhuGlz0sTreQA8kngEO/3rAP/isC2HDBem0=
github.com/qq51529210/log v0.0.0-20210529132539-d2d52fbd5103 h1:aeDIUMfDoaf315elakV9kJ31bkUsyS3yF3CK7kw1W1Y=
github.com/qq51529210/log v0.0.0-20210529132539-d2d52fbd5103/go.mod h1:pB4GlQNhq0fW3bPKt6kPadmJjWKXVeYM/5awHGVRhHQ=
